
Microsoft Visual Studio Solution File, Format Version 12.00
# Visual Studio 15
VisualStudioVersion = 15.0.28307.852
MinimumVisualStudioVersion = 10.0.40219.1
Project("{FAE04EC0-301F-11D3-BF4B-00C04F79EFBC}") = "ScienceConferenceApp", "ScienceConferenceApp\ScienceConferenceApp.csproj", "{1F1552EE-1424-4628-889A-199145048C32}"
EndProject
Global
	GlobalSection(SolutionConfigurationPlatforms) = preSolution
		Debug|Any CPU = Debug|Any CPU
		Release|Any CPU = Release|Any CPU
	EndGlobalSection
	GlobalSection(ProjectConfigurationPlatforms) = postSolution
		{1F1552EE-1424-4628-889A-199145048C32}.Debug|Any CPU.ActiveCfg = Debug|Any CPU
		{1F1552EE-1424-4628-889A-199145048C32}.Debug|Any CPU.Build.0 = Debug|Any CPU
		{1F1552EE-1424-4628-889A-199145048C32}.Release|Any CPU.ActiveCfg = Release|Any CPU
		{1F1552EE-1424-4628-889A-199145048C32}.Release|Any CPU.Build.0 = Release|Any CPU
	EndGlobalSection
	GlobalSection(SolutionProperties) = preSolution
		HideSolutionNode = FALSE
	EndGlobalSection
	GlobalSection(ExtensibilityGlobals) = postSolution
		SolutionGuid = {E1C976D8-D3E7-4D4A-B849-DA395E0920EC}
	EndGlobalSection
EndGlobal
